
Microsoft Visual Studio Solution File, Format Version 12.00
# Visual Studio Version 16
VisualStudioVersion = 16.0.28729.10
MinimumVisualStudioVersion = 10.0.40219.1
Project("{9A19103F-16F7-4668-BE54-9A1E7A4F7556}") = "Hozor.Web", "Hozor.Web\Hozor.Web.csproj", "{BDB031A4-D91E-4107-A180-25CE285FD138}"
EndProject
Project("{9A19103F-16F7-4668-BE54-9A1E7A4F7556}") = "Hozor.DataLayer", "Hozor.DataLayer\Hozor.DataLayer.csproj", "{F36F3A81-8799-4DFE-94CC-223774F52B9B}"
EndProject
Project("{9A19103F-16F7-4668-BE54-9A1E7A4F7556}") = "Hozor.Servises", "Hozor.Servises\Hozor.Servises.csproj", "{FEAADABB-9266-432C-98C6-38FD21FC9CBE}"
EndProject
Project("{9A19103F-16F7-4668-BE54-9A1E7A4F7556}") = "Hozor.ViewModels", "Hozor.ViewModels\Hozor.ViewModels.csproj", "{9C236BEF-A08A-42EE-92E0-B9DB9870A0CE}"
EndProject
Project("{9A19103F-16F7-4668-BE54-9A1E7A4F7556}") = "Hozor.DomainClasses", "Hozor.DomainClasses\Hozor.DomainClasses.csproj", "{B1123A7B-F97B-4ED9-A216-FD6ABF330B8B}"
EndProject
Project("{9A19103F-16F7-4668-BE54-9A1E7A4F7556}") = "Hozor.Utilities", "Hozor.Utilities\Hozor.Utilities.csproj", "{F4E7A220-8B2A-40DF-811F-3E03D4FCD0A4}"
EndProject
Project("{2150E333-8FDC-42A3-9474-1A3956D46DE8}") = "Solution Items", "Solution Items", "{336A4983-0485-432E-8896-0B50F57CC392}"
	ProjectSection(SolutionItems) = preProject
		.gitignore = .gitignore
	EndProjectSection
EndProject
Global
	GlobalSection(SolutionConfigurationPlatforms) = preSolution
		Debug|Any CPU = Debug|Any CPU
		Release|Any CPU = Release|Any CPU
	EndGlobalSection
	GlobalSection(ProjectConfigurationPlatforms) = postSolution
		{BDB031A4-D91E-4107-A180-25CE285FD138}.Debug|Any CPU.ActiveCfg = Debug|Any CPU
		{BDB031A4-D91E-4107-A180-25CE285FD138}.Debug|Any CPU.Build.0 = Debug|Any CPU
		{BDB031A4-D91E-4107-A180-25CE285FD138}.Release|Any CPU.ActiveCfg = Release|Any CPU
		{BDB031A4-D91E-4107-A180-25CE285FD138}.Release|Any CPU.Build.0 = Release|Any CPU
		{F36F3A81-8799-4DFE-94CC-223774F52B9B}.Debug|Any CPU.ActiveCfg = Debug|Any CPU
		{F36F3A81-8799-4DFE-94CC-223774F52B9B}.Debug|Any CPU.Build.0 = Debug|Any CPU
		{F36F3A81-8799-4DFE-94CC-223774F52B9B}.Release|Any CPU.ActiveCfg = Release|Any CPU
		{F36F3A81-8799-4DFE-94CC-223774F52B9B}.Release|Any CPU.Build.0 = Release|Any CPU
		{FEAADABB-9266-432C-98C6-38FD21FC9CBE}.Debug|Any CPU.ActiveCfg = Debug|Any CPU
		{FEAADABB-9266-432C-98C6-38FD21FC9CBE}.Debug|Any CPU.Build.0 = Debug|Any CPU
		{FEAADABB-9266-432C-98C6-38FD21FC9CBE}.Release|Any CPU.ActiveCfg = Release|Any CPU
		{FEAADABB-9266-432C-98C6-38FD21FC9CBE}.Release|Any CPU.Build.0 = Release|Any CPU
		{9C236BEF-A08A-42EE-92E0-B9DB9870A0CE}.Debug|Any CPU.ActiveCfg = Debug|Any CPU
		{9C236BEF-A08A-42EE-92E0-B9DB9870A0CE}.Debug|Any CPU.Build.0 = Debug|Any CPU
		{9C236BEF-A08A-42EE-92E0-B9DB9870A0CE}.Release|Any CPU.ActiveCfg = Release|Any CPU
		{9C236BEF-A08A-42EE-92E0-B9DB9870A0CE}.Release|Any CPU.Build.0 = Release|Any CPU
		{B1123A7B-F97B-4ED9-A216-FD6ABF330B8B}.Debug|Any CPU.ActiveCfg = Debug|Any CPU
		{B1123A7B-F97B-4ED9-A216-FD6ABF330B8B}.Debug|Any CPU.Build.0 = Debug|Any CPU
		{B1123A7B-F97B-4ED9-A216-FD6ABF330B8B}.Release|Any CPU.ActiveCfg = Release|Any CPU
		{B1123A7B-F97B-4ED9-A216-FD6ABF330B8B}.Release|Any CPU.Build.0 = Release|Any CPU
		{F4E7A220-8B2A-40DF-811F-3E03D4FCD0A4}.Debug|Any CPU.ActiveCfg = Debug|Any CPU
		{F4E7A220-8B2A-40DF-811F-3E03D4FCD0A4}.Debug|Any CPU.Build.0 = Debug|Any CPU
		{F4E7A220-8B2A-40DF-811F-3E03D4FCD0A4}.Release|Any CPU.ActiveCfg = Release|Any CPU
		{F4E7A220-8B2A-40DF-811F-3E03D4FCD0A4}.Release|Any CPU.Build.0 = Release|Any CPU
	EndGlobalSection
	GlobalSection(SolutionProperties) = preSolution
		HideSolutionNode = FALSE
	EndGlobalSection
	GlobalSection(ExtensibilityGlobals) = postSolution
		SolutionGuid = {6ED70DDB-4024-47EC-8502-77E23D63DFB3}
	EndGlobalSection
EndGlobal
